
Microsoft Visual Studio Solution File, Format Version 12.00
Project("{FAE04EC0-301F-11D3-BF4B-00C04F79EFBC}") = "Seminars", "Seminars\Seminars.csproj", "{3B6E21D3-419B-4118-AA63-B4B743974804}"
EndProject
Project("{FAE04EC0-301F-11D3-BF4B-00C04F79EFBC}") = "ServerTests", "ServerTests\ServerTests.csproj", "{4196A37A-E681-4FBE-921E-17D0D1481C55}"
EndProject
Project("{FAE04EC0-301F-11D3-BF4B-00C04F79EFBC}") = "ChatCommon", "ChatCommon\ChatCommon.csproj", "{2C21DC0C-B86C-4417-8294-CFBED2EB60C5}"
EndProject
Project("{FAE04EC0-301F-11D3-BF4B-00C04F79EFBC}") = "ChatDb", "ChatDb\ChatDb.csproj", "{60CC0A95-7C1F-4CE8-A3FC-1FFA0CF3EC98}"
EndProject
Project("{FAE04EC0-301F-11D3-BF4B-00C04F79EFBC}") = "ChatNetwork", "ChatNetwork\ChatNetwork.csproj", "{90C4F6EB-9C94-4110-88D4-FA6DF1F3A743}"
EndProject
Project("{FAE04EC0-301F-11D3-BF4B-00C04F79EFBC}") = "ChatApp", "ChatApp\ChatApp.csproj", "{A2A23797-8EB2-4145-AD5D-03D912D35B05}"
EndProject
Global
	GlobalSection(SolutionConfigurationPlatforms) = preSolution
		Debug|Any CPU = Debug|Any CPU
		Release|Any CPU = Release|Any CPU
	EndGlobalSection
	GlobalSection(ProjectConfigurationPlatforms) = postSolution
		{3B6E21D3-419B-4118-AA63-B4B743974804}.Debug|Any CPU.ActiveCfg = Debug|Any CPU
		{3B6E21D3-419B-4118-AA63-B4B743974804}.Debug|Any CPU.Build.0 = Debug|Any CPU
		{3B6E21D3-419B-4118-AA63-B4B743974804}.Release|Any CPU.ActiveCfg = Release|Any CPU
		{3B6E21D3-419B-4118-AA63-B4B743974804}.Release|Any CPU.Build.0 = Release|Any CPU
		{4196A37A-E681-4FBE-921E-17D0D1481C55}.Debug|Any CPU.ActiveCfg = Debug|Any CPU
		{4196A37A-E681-4FBE-921E-17D0D1481C55}.Debug|Any CPU.Build.0 = Debug|Any CPU
		{4196A37A-E681-4FBE-921E-17D0D1481C55}.Release|Any CPU.ActiveCfg = Release|Any CPU
		{4196A37A-E681-4FBE-921E-17D0D1481C55}.Release|Any CPU.Build.0 = Release|Any CPU
		{2C21DC0C-B86C-4417-8294-CFBED2EB60C5}.Debug|Any CPU.ActiveCfg = Debug|Any CPU
		{2C21DC0C-B86C-4417-8294-CFBED2EB60C5}.Debug|Any CPU.Build.0 = Debug|Any CPU
		{2C21DC0C-B86C-4417-8294-CFBED2EB60C5}.Release|Any CPU.ActiveCfg = Release|Any CPU
		{2C21DC0C-B86C-4417-8294-CFBED2EB60C5}.Release|Any CPU.Build.0 = Release|Any CPU
		{60CC0A95-7C1F-4CE8-A3FC-1FFA0CF3EC98}.Debug|Any CPU.ActiveCfg = Debug|Any CPU
		{60CC0A95-7C1F-4CE8-A3FC-1FFA0CF3EC98}.Debug|Any CPU.Build.0 = Debug|Any CPU
		{60CC0A95-7C1F-4CE8-A3FC-1FFA0CF3EC98}.Release|Any CPU.ActiveCfg = Release|Any CPU
		{60CC0A95-7C1F-4CE8-A3FC-1FFA0CF3EC98}.Release|Any CPU.Build.0 = Release|Any CPU
		{90C4F6EB-9C94-4110-88D4-FA6DF1F3A743}.Debug|Any CPU.ActiveCfg = Debug|Any CPU
		{90C4F6EB-9C94-4110-88D4-FA6DF1F3A743}.Debug|Any CPU.Build.0 = Debug|Any CPU
		{90C4F6EB-9C94-4110-88D4-FA6DF1F3A743}.Release|Any CPU.ActiveCfg = Release|Any CPU
		{90C4F6EB-9C94-4110-88D4-FA6DF1F3A743}.Release|Any CPU.Build.0 = Release|Any CPU
		{A2A23797-8EB2-4145-AD5D-03D912D35B05}.Debug|Any CPU.ActiveCfg = Debug|Any CPU
		{A2A23797-8EB2-4145-AD5D-03D912D35B05}.Debug|Any CPU.Build.0 = Debug|Any CPU
		{A2A23797-8EB2-4145-AD5D-03D912D35B05}.Release|Any CPU.ActiveCfg = Release|Any CPU
		{A2A23797-8EB2-4145-AD5D-03D912D35B05}.Release|Any CPU.Build.0 = Release|Any CPU
	EndGlobalSection
EndGlobal
